
Microsoft Visual Studio Solution File, Format Version 12.00
# Visual Studio Version 17
VisualStudioVersion = 17.8.34330.188
MinimumVisualStudioVersion = 10.0.40219.1
Project("{9A19103F-16F7-4668-BE54-9A1E7A4F7556}") = "ServicioApiCurso", "ServicioApiCurso\ServicioApiCurso.csproj", "{AFBA72AC-9785-48CF-945F-09ECC0E362CF}"
EndProject
Project("{9A19103F-16F7-4668-BE54-9A1E7A4F7556}") = "LibraryMethod", "LibraryMethod\LibraryMethod.csproj", "{D71249C6-76BE-4C5D-9344-E8A010CEB9C9}"
EndProject
Project("{FAE04EC0-301F-11D3-BF4B-00C04F79EFBC}") = "Ecomerce", "Ecomerce\Ecomerce.csproj", "{AE7F58B2-6695-4891-93BE-2ED53BDC6856}"
EndProject
Global
	GlobalSection(SolutionConfigurationPlatforms) = preSolution
		Debug|Any CPU = Debug|Any CPU
		Release|Any CPU = Release|Any CPU
	EndGlobalSection
	GlobalSection(ProjectConfigurationPlatforms) = postSolution
		{AFBA72AC-9785-48CF-945F-09ECC0E362CF}.Debug|Any CPU.ActiveCfg = Debug|Any CPU
		{AFBA72AC-9785-48CF-945F-09ECC0E362CF}.Debug|Any CPU.Build.0 = Debug|Any CPU
		{AFBA72AC-9785-48CF-945F-09ECC0E362CF}.Release|Any CPU.ActiveCfg = Release|Any CPU
		{AFBA72AC-9785-48CF-945F-09ECC0E362CF}.Release|Any CPU.Build.0 = Release|Any CPU
		{D71249C6-76BE-4C5D-9344-E8A010CEB9C9}.Debug|Any CPU.ActiveCfg = Debug|Any CPU
		{D71249C6-76BE-4C5D-9344-E8A010CEB9C9}.Debug|Any CPU.Build.0 = Debug|Any CPU
		{D71249C6-76BE-4C5D-9344-E8A010CEB9C9}.Release|Any CPU.ActiveCfg = Release|Any CPU
		{D71249C6-76BE-4C5D-9344-E8A010CEB9C9}.Release|Any CPU.Build.0 = Release|Any CPU
		{AE7F58B2-6695-4891-93BE-2ED53BDC6856}.Debug|Any CPU.ActiveCfg = Debug|Any CPU
		{AE7F58B2-6695-4891-93BE-2ED53BDC6856}.Debug|Any CPU.Build.0 = Debug|Any CPU
		{AE7F58B2-6695-4891-93BE-2ED53BDC6856}.Release|Any CPU.ActiveCfg = Release|Any CPU
		{AE7F58B2-6695-4891-93BE-2ED53BDC6856}.Release|Any CPU.Build.0 = Release|Any CPU
	EndGlobalSection
	GlobalSection(SolutionProperties) = preSolution
		HideSolutionNode = FALSE
	EndGlobalSection
	GlobalSection(ExtensibilityGlobals) = postSolution
		SolutionGuid = {82B1DFAD-7B04-499A-A245-579D535DB364}
	EndGlobalSection
EndGlobal
